// !$*UTF8*$!
{
	archiveVersion = 1;
	classes = {
	};
	objectVersion = 55;
	objects = {

/* Begin PBXBuildFile section */
		48DD8DA828CACEA80007A892 /* AppDelegate.m in Sources */ = {isa = PBXBuildFile; fileRef = 48DD8DA728CACEA80007A892 /* AppDelegate.m */; };
		48DD8DAB28CACEA80007A892 /* SceneDelegate.m in Sources */ = {isa = PBXBuildFile; fileRef = 48DD8DAA28CACEA80007A892 /* SceneDelegate.m */; };
		48DD8DAE28CACEA80007A892 /* ViewController.m in Sources */ = {isa = PBXBuildFile; fileRef = 48DD8DAD28CACEA80007A892 /* ViewController.m */; };
		48DD8DB128CACEA80007A892 /* Main.storyboard in Resources */ = {isa = PBXBuildFile; fileRef = 48DD8DAF28CACEA80007A892 /* Main.storyboard */; };
		48DD8DB328CACEA90007A892 /* Assets.xcassets in Resources */ = {isa = PBXBuildFile; fileRef = 48DD8DB228CACEA90007A892 /* Assets.xcassets */; };
		48DD8DB628CACEA90007A892 /* LaunchScreen.storyboard in Resources */ = {isa = PBXBuildFile; fileRef = 48DD8DB428CACEA90007A892 /* LaunchScreen.storyboard */; };
		48DD8DB928CACEA90007A892 /* main.m in Sources */ = {isa = PBXBuildFile; fileRef = 48DD8DB828CACEA90007A892 /* main.m */; };
		48DD8DC328CACEA90007A892 /* WaterFlowLayout_OCTests.m in Sources */ = {isa = PBXBuildFile; fileRef = 48DD8DC228CACEA90007A892 /* WaterFlowLayout_OCTests.m */; };
		48DD8DCD28CACEA90007A892 /* WaterFlowLayout_OCUITests.m in Sources */ = {isa = PBXBuildFile; fileRef = 48DD8DCC28CACEA90007A892 /* WaterFlowLayout_OCUITests.m */; };
		48DD8DCF28CACEA90007A892 /* WaterFlowLayout_OCUITestsLaunchTests.m in Sources */ = {isa = PBXBuildFile; fileRef = 48DD8DCE28CACEA90007A892 /* WaterFlowLayout_OCUITestsLaunchTests.m */; };
		48DD8DDD28CACED00007A892 /* JXWaterFullFlowLayout.m in Sources */ = {isa = PBXBuildFile; fileRef = 48DD8DDC28CACED00007A892 /* JXWaterFullFlowLayout.m */; };
/* End PBXBuildFile section */

/* Begin PBXContainerItemProxy section */
		48DD8DBF28CACEA90007A892 /* PBXContainerItemProxy */ = {
			isa = PBXContainerItemProxy;
			containerPortal = 48DD8D9B28CACEA80007A892 /* Project object */;
			proxyType = 1;
			remoteGlobalIDString = 48DD8DA228CACEA80007A892;
			remoteInfo = WaterFlowLayout_OC;
		};
		48DD8DC928CACEA90007A892 /* PBXContainerItemProxy */ = {
			isa = PBXContainerItemProxy;
			containerPortal = 48DD8D9B28CACEA80007A892 /* Project object */;
			proxyType = 1;
			remoteGlobalIDString = 48DD8DA228CACEA80007A892;
			remoteInfo = WaterFlowLayout_OC;
		};
/* End PBXContainerItemProxy section */

/* Begin PBXFileReference section */
		48DD8DA328CACEA80007A892 /* WaterFlowLayout_OC.app */ = {isa = PBXFileReference; explicitFileType = wrapper.application; includeInIndex = 0; path = WaterFlowLayout_OC.app; sourceTree = BUILT_PRODUCTS_DIR; };
		48DD8DA628CACEA80007A892 /* AppDelegate.h */ = {isa = PBXFileReference; lastKnownFileType = sourcecode.c.h; path = AppDelegate.h; sourceTree = "<group>"; };
		48DD8DA728CACEA80007A892 /* AppDelegate.m */ = {isa = PBXFileReference; lastKnownFileType = sourcecode.c.objc; path = AppDelegate.m; sourceTree = "<group>"; };
		48DD8DA928CACEA80007A892 /* SceneDelegate.h */ = {isa = PBXFileReference; lastKnownFileType = sourcecode.c.h; path = SceneDelegate.h; sourceTree = "<group>"; };
		48DD8DAA28CACEA80007A892 /* SceneDelegate.m */ = {isa = PBXFileReference; lastKnownFileType = sourcecode.c.objc; path = SceneDelegate.m; sourceTree = "<group>"; };
		48DD8DAC28CACEA80007A892 /* ViewController.h */ = {isa = PBXFileReference; lastKnownFileType = sourcecode.c.h; path = ViewController.h; sourceTree = "<group>"; };
		48DD8DAD28CACEA80007A892 /* ViewController.m */ = {isa = PBXFileReference; lastKnownFileType = sourcecode.c.objc; path = ViewController.m; sourceTree = "<group>"; };
		48DD8DB028CACEA80007A892 /* Base */ = {isa = PBXFileReference; lastKnownFileType = file.storyboard; name = Base; path = Base.lproj/Main.storyboard; sourceTree = "<group>"; };
		48DD8DB228CACEA90007A892 /* Assets.xcassets */ = {isa = PBXFileReference; lastKnownFileType = folder.assetcatalog; path = Assets.xcassets; sourceTree = "<group>"; };
		48DD8DB528CACEA90007A892 /* Base */ = {isa = PBXFileReference; lastKnownFileType = file.storyboard; name = Base; path = Base.lproj/LaunchScreen.storyboard; sourceTree = "<group>"; };
		48DD8DB728CACEA90007A892 /* Info.plist */ = {isa = PBXFileReference; lastKnownFileType = text.plist.xml; path = Info.plist; sourceTree = "<group>"; };
		48DD8DB828CACEA90007A892 /* main.m */ = {isa = PBXFileReference; lastKnownFileType = sourcecode.c.objc; path = main.m; sourceTree = "<group>"; };
		48DD8DBE28CACEA90007A892 /* WaterFlowLayout_OCTests.xctest */ = {isa = PBXFileReference; explicitFileType = wrapper.cfbundle; includeInIndex = 0; path = WaterFlowLayout_OCTests.xctest; sourceTree = BUILT_PRODUCTS_DIR; };
		48DD8DC228CACEA90007A892 /* WaterFlowLayout_OCTests.m */ = {isa = PBXFileReference; lastKnownFileType = sourcecode.c.objc; path = WaterFlowLayout_OCTests.m; sourceTree = "<group>"; };
		48DD8DC828CACEA90007A892 /* WaterFlowLayout_OCUITests.xctest */ = {isa = PBXFileReference; explicitFileType = wrapper.cfbundle; includeInIndex = 0; path = WaterFlowLayout_OCUITests.xctest; sourceTree = BUILT_PRODUCTS_DIR; };
		48DD8DCC28CACEA90007A892 /* WaterFlowLayout_OCUITests.m */ = {isa = PBXFileReference; lastKnownFileType = sourcecode.c.objc; path = WaterFlowLayout_OCUITests.m; sourceTree = "<group>"; };
		48DD8DCE28CACEA90007A892 /* WaterFlowLayout_OCUITestsLaunchTests.m */ = {isa = PBXFileReference; lastKnownFileType = sourcecode.c.objc; path = WaterFlowLayout_OCUITestsLaunchTests.m; sourceTree = "<group>"; };
		48DD8DDB28CACED00007A892 /* JXWaterFullFlowLayout.h */ = {isa = PBXFileReference; lastKnownFileType = sourcecode.c.h; path = JXWaterFullFlowLayout.h; sourceTree = "<group>"; };
		48DD8DDC28CACED00007A892 /* JXWaterFullFlowLayout.m */ = {isa = PBXFileReference; lastKnownFileType = sourcecode.c.objc; path = JXWaterFullFlowLayout.m; sourceTree = "<group>"; };
/* End PBXFileReference section */

/* Begin PBXFrameworksBuildPhase section */
		48DD8DA028CACEA80007A892 /* Frameworks */ = {
			isa = PBXFrameworksBuildPhase;
			buildActionMask = 2147483647;
			files = (
			);
			runOnlyForDeploymentPostprocessing = 0;
		};
		48DD8DBB28CACEA90007A892 /* Frameworks */ = {
			isa = PBXFrameworksBuildPhase;
			buildActionMask = 2147483647;
			files = (
			);
			runOnlyForDeploymentPostprocessing = 0;
		};
		48DD8DC528CACEA90007A892 /* Frameworks */ = {
			isa = PBXFrameworksBuildPhase;
			buildActionMask = 2147483647;
			files = (
			);
			runOnlyForDeploymentPostprocessing = 0;
		};
/* End PBXFrameworksBuildPhase section */

/* Begin PBXGroup section */
		48DD8D9A28CACEA80007A892 = {
			isa = PBXGroup;
			children = (
				48DD8DA528CACEA80007A892 /* WaterFlowLayout_OC */,
				48DD8DC128CACEA90007A892 /* WaterFlowLayout_OCTests */,
				48DD8DCB28CACEA90007A892 /* WaterFlowLayout_OCUITests */,
				48DD8DA428CACEA80007A892 /* Products */,
			);
			sourceTree = "<group>";
		};
		48DD8DA428CACEA80007A892 /* Products */ = {
			isa = PBXGroup;
			children = (
				48DD8DA328CACEA80007A892 /* WaterFlowLayout_OC.app */,
				48DD8DBE28CACEA90007A892 /* WaterFlowLayout_OCTests.xctest */,
				48DD8DC828CACEA90007A892 /* WaterFlowLayout_OCUITests.xctest */,
			);
			name = Products;
			sourceTree = "<group>";
		};
		48DD8DA528CACEA80007A892 /* WaterFlowLayout_OC */ = {
			isa = PBXGroup;
			children = (
				48DD8DA628CACEA80007A892 /* AppDelegate.h */,
				48DD8DA728CACEA80007A892 /* AppDelegate.m */,
				48DD8DA928CACEA80007A892 /* SceneDelegate.h */,
				48DD8DAA28CACEA80007A892 /* SceneDelegate.m */,
				48DD8DAC28CACEA80007A892 /* ViewController.h */,
				48DD8DAD28CACEA80007A892 /* ViewController.m */,
				48DD8DDB28CACED00007A892 /* JXWaterFullFlowLayout.h */,
				48DD8DDC28CACED00007A892 /* JXWaterFullFlowLayout.m */,
				48DD8DAF28CACEA80007A892 /* Main.storyboard */,
				48DD8DB228CACEA90007A892 /* Assets.xcassets */,
				48DD8DB428CACEA90007A892 /* LaunchScreen.storyboard */,
				48DD8DB728CACEA90007A892 /* Info.plist */,
				48DD8DB828CACEA90007A892 /* main.m */,
			);
			path = WaterFlowLayout_OC;
			sourceTree = "<group>";
		};
		48DD8DC128CACEA90007A892 /* WaterFlowLayout_OCTests */ = {
			isa = PBXGroup;
			children = (
				48DD8DC228CACEA90007A892 /* WaterFlowLayout_OCTests.m */,
			);
			path = WaterFlowLayout_OCTests;
			sourceTree = "<group>";
		};
		48DD8DCB28CACEA90007A892 /* WaterFlowLayout_OCUITests */ = {
			isa = PBXGroup;
			children = (
				48DD8DCC28CACEA90007A892 /* WaterFlowLayout_OCUITests.m */,
				48DD8DCE28CACEA90007A892 /* WaterFlowLayout_OCUITestsLaunchTests.m */,
			);
			path = WaterFlowLayout_OCUITests;
			sourceTree = "<group>";
		};
/* End PBXGroup section */

/* Begin PBXNativeTarget section */
		48DD8DA228CACEA80007A892 /* WaterFlowLayout_OC */ = {
			isa = PBXNativeTarget;
			buildConfigurationList = 48DD8DD228CACEA90007A892 /* Build configuration list for PBXNativeTarget "WaterFlowLayout_OC" */;
			buildPhases = (
				48DD8D9F28CACEA80007A892 /* Sources */,
				48DD8DA028CACEA80007A892 /* Frameworks */,
				48DD8DA128CACEA80007A892 /* Resources */,
			);
			buildRules = (
			);
			dependencies = (
			);
			name = WaterFlowLayout_OC;
			productName = WaterFlowLayout_OC;
			productReference = 48DD8DA328CACEA80007A892 /* WaterFlowLayout_OC.app */;
			productType = "com.apple.product-type.application";
		};
		48DD8DBD28CACEA90007A892 /* WaterFlowLayout_OCTests */ = {
			isa = PBXNativeTarget;
			buildConfigurationList = 48DD8DD528CACEA90007A892 /* Build configuration list for PBXNativeTarget "WaterFlowLayout_OCTests" */;
			buildPhases = (
				48DD8DBA28CACEA90007A892 /* Sources */,
				48DD8DBB28CACEA90007A892 /* Frameworks */,
				48DD8DBC28CACEA90007A892 /* Resources */,
			);
			buildRules = (
			);
			dependencies = (
				48DD8DC028CACEA90007A892 /* PBXTargetDependency */,
			);
			name = WaterFlowLayout_OCTests;
			productName = WaterFlowLayout_OCTests;
			productReference = 48DD8DBE28CACEA90007A892 /* WaterFlowLayout_OCTests.xctest */;
			productType = "com.apple.product-type.bundle.unit-test";
		};
		48DD8DC728CACEA90007A892 /* WaterFlowLayout_OCUITests */ = {
			isa = PBXNativeTarget;
			buildConfigurationList = 48DD8DD828CACEA90007A892 /* Build configuration list for PBXNativeTarget "WaterFlowLayout_OCUITests" */;
			buildPhases = (
				48DD8DC428CACEA90007A892 /* Sources */,
				48DD8DC528CACEA90007A892 /* Frameworks */,
				48DD8DC628CACEA90007A892 /* Resources */,
			);
			buildRules = (
			);
			dependencies = (
				48DD8DCA28CACEA90007A892 /* PBXTargetDependency */,
			);
			name = WaterFlowLayout_OCUITests;
			productName = WaterFlowLayout_OCUITests;
			productReference = 48DD8DC828CACEA90007A892 /* WaterFlowLayout_OCUITests.xctest */;
			productType = "com.apple.product-type.bundle.ui-testing";
		};
/* End PBXNativeTarget section */

/* Begin PBXProject section */
		48DD8D9B28CACEA80007A892 /* Project object */ = {
			isa = PBXProject;
			attributes = {
				BuildIndependentTargetsInParallel = 1;
				LastUpgradeCheck = 1340;
				TargetAttributes = {
					48DD8DA228CACEA80007A892 = {
						CreatedOnToolsVersion = 13.4.1;
					};
					48DD8DBD28CACEA90007A892 = {
						CreatedOnToolsVersion = 13.4.1;
						TestTargetID = 48DD8DA228CACEA80007A892;
					};
					48DD8DC728CACEA90007A892 = {
						CreatedOnToolsVersion = 13.4.1;
						TestTargetID = 48DD8DA228CACEA80007A892;
					};
				};
			};
			buildConfigurationList = 48DD8D9E28CACEA80007A892 /* Build configuration list for PBXProject "WaterFlowLayout_OC" */;
			compatibilityVersion = "Xcode 13.0";
			developmentRegion = en;
			hasScannedForEncodings = 0;
			knownRegions = (
				en,
				Base,
			);
			mainGroup = 48DD8D9A28CACEA80007A892;
			productRefGroup = 48DD8DA428CACEA80007A892 /* Products */;
			projectDirPath = "";
			projectRoot = "";
			targets = (
				48DD8DA228CACEA80007A892 /* WaterFlowLayout_OC */,
				48DD8DBD28CACEA90007A892 /* WaterFlowLayout_OCTests */,
				48DD8DC728CACEA90007A892 /* WaterFlowLayout_OCUITests */,
			);
		};
/* End PBXProject section */

/* Begin PBXResourcesBuildPhase section */
		48DD8DA128CACEA80007A892 /* Resources */ = {
			isa = PBXResourcesBuildPhase;
			buildActionMask = 2147483647;
			files = (
				48DD8DB628CACEA90007A892 /* LaunchScreen.storyboard in Resources */,
				48DD8DB328CACEA90007A892 /* Assets.xcassets in Resources */,
				48DD8DB128CACEA80007A892 /* Main.storyboard in Resources */,
			);
			runOnlyForDeploymentPostprocessing = 0;
		};
		48DD8DBC28CACEA90007A892 /* Resources */ = {
			isa = PBXResourcesBuildPhase;
			buildActionMask = 2147483647;
			files = (
			);
			runOnlyForDeploymentPostprocessing = 0;
		};
		48DD8DC628CACEA90007A892 /* Resources */ = {
			isa = PBXResourcesBuildPhase;
			buildActionMask = 2147483647;
			files = (
			);
			runOnlyForDeploymentPostprocessing = 0;
		};
/* End PBXResourcesBuildPhase section */

/* Begin PBXSourcesBuildPhase section */
		48DD8D9F28CACEA80007A892 /* Sources */ = {
			isa = PBXSourcesBuildPhase;
			buildActionMask = 2147483647;
			files = (
				48DD8DDD28CACED00007A892 /* JXWaterFullFlowLayout.m in Sources */,
				48DD8DAE28CACEA80007A892 /* ViewController.m in Sources */,
				48DD8DA828CACEA80007A892 /* AppDelegate.m in Sources */,
				48DD8DB928CACEA90007A892 /* main.m in Sources */,
				48DD8DAB28CACEA80007A892 /* SceneDelegate.m in Sources */,
			);
			runOnlyForDeploymentPostprocessing = 0;
		};
		48DD8DBA28CACEA90007A892 /* Sources */ = {
			isa = PBXSourcesBuildPhase;
			buildActionMask = 2147483647;
			files = (
				48DD8DC328CACEA90007A892 /* WaterFlowLayout_OCTests.m in Sources */,
			);
			runOnlyForDeploymentPostprocessing = 0;
		};
		48DD8DC428CACEA90007A892 /* Sources */ = {
			isa = PBXSourcesBuildPhase;
			buildActionMask = 2147483647;
			files = (
				48DD8DCF28CACEA90007A892 /* WaterFlowLayout_OCUITestsLaunchTests.m in Sources */,
				48DD8DCD28CACEA90007A892 /* WaterFlowLayout_OCUITests.m in Sources */,
			);
			runOnlyForDeploymentPostprocessing = 0;
		};
/* End PBXSourcesBuildPhase section */

/* Begin PBXTargetDependency section */
		48DD8DC028CACEA90007A892 /* PBXTargetDependency */ = {
			isa = PBXTargetDependency;
			target = 48DD8DA228CACEA80007A892 /* WaterFlowLayout_OC */;
			targetProxy = 48DD8DBF28CACEA90007A892 /* PBXContainerItemProxy */;
		};
		48DD8DCA28CACEA90007A892 /* PBXTargetDependency */ = {
			isa = PBXTargetDependency;
			target = 48DD8DA228CACEA80007A892 /* WaterFlowLayout_OC */;
			targetProxy = 48DD8DC928CACEA90007A892 /* PBXContainerItemProxy */;
		};
/* End PBXTargetDependency section */

/* Begin PBXVariantGroup section */
		48DD8DAF28CACEA80007A892 /* Main.storyboard */ = {
			isa = PBXVariantGroup;
			children = (
				48DD8DB028CACEA80007A892 /* Base */,
			);
			name = Main.storyboard;
			sourceTree = "<group>";
		};
		48DD8DB428CACEA90007A892 /* LaunchScreen.storyboard */ = {
			isa = PBXVariantGroup;
			children = (
				48DD8DB528CACEA90007A892 /* Base */,
			);
			name = LaunchScreen.storyboard;
			sourceTree = "<group>";
		};
/* End PBXVariantGroup section */

/* Begin XCBuildConfiguration section */
		48DD8DD028CACEA90007A892 /* Debug */ = {
			isa = XCBuildConfiguration;
			buildSettings = {
				ALWAYS_SEARCH_USER_PATHS = NO;
				CLANG_ANALYZER_NONNULL = YES;
				CLANG_ANALYZER_NUMBER_OBJECT_CONVERSION = YES_AGGRESSIVE;
				CLANG_CXX_LANGUAGE_STANDARD = "gnu++17";
				CLANG_ENABLE_MODULES = YES;
				CLANG_ENABLE_OBJC_ARC = YES;
				CLANG_ENABLE_OBJC_WEAK = YES;
				CLANG_WARN_BLOCK_CAPTURE_AUTORELEASING = YES;
				CLANG_WARN_BOOL_CONVERSION = YES;
				CLANG_WARN_COMMA = YES;
				CLANG_WARN_CONSTANT_CONVERSION = YES;
				CLANG_WARN_DEPRECATED_OBJC_IMPLEMENTATIONS = YES;
				CLANG_WARN_DIRECT_OBJC_ISA_USAGE = YES_ERROR;
				CLANG_WARN_DOCUMENTATION_COMMENTS = YES;
				CLANG_WARN_EMPTY_BODY = YES;
				CLANG_WARN_ENUM_CONVERSION = YES;
				CLANG_WARN_INFINITE_RECURSION = YES;
				CLANG_WARN_INT_CONVERSION = YES;
				CLANG_WARN_NON_LITERAL_NULL_CONVERSION = YES;
				CLANG_WARN_OBJC_IMPLICIT_RETAIN_SELF = YES;
				CLANG_WARN_OBJC_LITERAL_CONVERSION = YES;
				CLANG_WARN_OBJC_ROOT_CLASS = YES_ERROR;
				CLANG_WARN_QUOTED_INCLUDE_IN_FRAMEWORK_HEADER = YES;
				CLANG_WARN_RANGE_LOOP_ANALYSIS = YES;
				CLANG_WARN_STRICT_PROTOTYPES = YES;
				CLANG_WARN_SUSPICIOUS_MOVE = YES;
				CLANG_WARN_UNGUARDED_AVAILABILITY = YES_AGGRESSIVE;
				CLANG_WARN_UNREACHABLE_CODE = YES;
				CLANG_WARN__DUPLICATE_METHOD_MATCH = YES;
				COPY_PHASE_STRIP = NO;
				DEBUG_INFORMATION_FORMAT = dwarf;
				ENABLE_STRICT_OBJC_MSGSEND = YES;
				ENABLE_TESTABILITY = YES;
				GCC_C_LANGUAGE_STANDARD = gnu11;
				GCC_DYNAMIC_NO_PIC = NO;
				GCC_NO_COMMON_BLOCKS = YES;
				GCC_OPTIMIZATION_LEVEL = 0;
				GCC_PREPROCESSOR_DEFINITIONS = (
					"DEBUG=1",
					"$(inherited)",
				);
				GCC_WARN_64_TO_32_BIT_CONVERSION = YES;
				GCC_WARN_ABOUT_RETURN_TYPE = YES_ERROR;
				GCC_WARN_UNDECLARED_SELECTOR = YES;
				GCC_WARN_UNINITIALIZED_AUTOS = YES_AGGRESSIVE;
				GCC_WARN_UNUSED_FUNCTION = YES;
				GCC_WARN_UNUSED_VARIABLE = YES;
				IPHONEOS_DEPLOYMENT_TARGET = 15.5;
				MTL_ENABLE_DEBUG_INFO = INCLUDE_SOURCE;
				MTL_FAST_MATH = YES;
				ONLY_ACTIVE_ARCH = YES;
				SDKROOT = iphoneos;
			};
			name = Debug;
		};
		48DD8DD128CACEA90007A892 /* Release */ = {
			isa = XCBuildConfiguration;
			buildSettings = {
				ALWAYS_SEARCH_USER_PATHS = NO;
				CLANG_ANALYZER_NONNULL = YES;
				CLANG_ANALYZER_NUMBER_OBJECT_CONVERSION = YES_AGGRESSIVE;
				CLANG_CXX_LANGUAGE_STANDARD = "gnu++17";
				CLANG_ENABLE_MODULES = YES;
				CLANG_ENABLE_OBJC_ARC = YES;
				CLANG_ENABLE_OBJC_WEAK = YES;
				CLANG_WARN_BLOCK_CAPTURE_AUTORELEASING = YES;
				CLANG_WARN_BOOL_CONVERSION = YES;
				CLANG_WARN_COMMA = YES;
				CLANG_WARN_CONSTANT_CONVERSION = YES;
				CLANG_WARN_DEPRECATED_OBJC_IMPLEMENTATIONS = YES;
				CLANG_WARN_DIRECT_OBJC_ISA_USAGE = YES_ERROR;
				CLANG_WARN_DOCUMENTATION_COMMENTS = YES;
				CLANG_WARN_EMPTY_BODY = YES;
				CLANG_WARN_ENUM_CONVERSION = YES;
				CLANG_WARN_INFINITE_RECURSION = YES;
				CLANG_WARN_INT_CONVERSION = YES;
				CLANG_WARN_NON_LITERAL_NULL_CONVERSION = YES;
				CLANG_WARN_OBJC_IMPLICIT_RETAIN_SELF = YES;
				CLANG_WARN_OBJC_LITERAL_CONVERSION = YES;
				CLANG_WARN_OBJC_ROOT_CLASS = YES_ERROR;
				CLANG_WARN_QUOTED_INCLUDE_IN_FRAMEWORK_HEADER = YES;
				CLANG_WARN_RANGE_LOOP_ANALYSIS = YES;
				CLANG_WARN_STRICT_PROTOTYPES = YES;
				CLANG_WARN_SUSPICIOUS_MOVE = YES;
				CLANG_WARN_UNGUARDED_AVAILABILITY = YES_AGGRESSIVE;
				CLANG_WARN_UNREACHABLE_CODE = YES;
				CLANG_WARN__DUPLICATE_METHOD_MATCH = YES;
				COPY_PHASE_STRIP = NO;
				DEBUG_INFORMATION_FORMAT = "dwarf-with-dsym";
				ENABLE_NS_ASSERTIONS = NO;
				ENABLE_STRICT_OBJC_MSGSEND = YES;
				GCC_C_LANGUAGE_STANDARD = gnu11;
				GCC_NO_COMMON_BLOCKS = YES;
				GCC_WARN_64_TO_32_BIT_CONVERSION = YES;
				GCC_WARN_ABOUT_RETURN_TYPE = YES_ERROR;
				GCC_WARN_UNDECLARED_SELECTOR = YES;
				GCC_WARN_UNINITIALIZED_AUTOS = YES_AGGRESSIVE;
				GCC_WARN_UNUSED_FUNCTION = YES;
				GCC_WARN_UNUSED_VARIABLE = YES;
				IPHONEOS_DEPLOYMENT_TARGET = 15.5;
				MTL_ENABLE_DEBUG_INFO = NO;
				MTL_FAST_MATH = YES;
				SDKROOT = iphoneos;
				VALIDATE_PRODUCT = YES;
			};
			name = Release;
		};
		48DD8DD328CACEA90007A892 /* Debug */ = {
			isa = XCBuildConfiguration;
			buildSettings = {
				ASSETCATALOG_COMPILER_APPICON_NAME = AppIcon;
				ASSETCATALOG_COMPILER_GLOBAL_ACCENT_COLOR_NAME = AccentColor;
				CODE_SIGN_STYLE = Automatic;
				CURRENT_PROJECT_VERSION = 1;
				GENERATE_INFOPLIST_FILE = YES;
				INFOPLIST_FILE = WaterFlowLayout_OC/Info.plist;
				INFOPLIST_KEY_UIApplicationSupportsIndirectInputEvents = YES;
				INFOPLIST_KEY_UILaunchStoryboardName = LaunchScreen;
				INFOPLIST_KEY_UIMainStoryboardFile = Main;
				INFOPLIST_KEY_UISupportedInterfaceOrientations_iPad = "UIInterfaceOrientationPortrait UIInterfaceOrientationPortraitUpsideDown UIInterfaceOrientationLandscapeLeft UIInterfaceOrientationLandscapeRight";
				INFOPLIST_KEY_UISupportedInterfaceOrientations_iPhone = "UIInterfaceOrientationPortrait UIInterfaceOrientationLandscapeLeft UIInterfaceOrientationLandscapeRight";
				LD_RUNPATH_SEARCH_PATHS = (
					"$(inherited)",
					"@executable_path/Frameworks",
				);
				MARKETING_VERSION = 1.0;
				PRODUCT_BUNDLE_IDENTIFIER = "jx.kang.WaterFlowLayout-OC";
				PRODUCT_NAME = "$(TARGET_NAME)";
				SWIFT_EMIT_LOC_STRINGS = YES;
				TARGETED_DEVICE_FAMILY = "1,2";
			};
			name = Debug;
		};
		48DD8DD428CACEA90007A892 /* Release */ = {
			isa = XCBuildConfiguration;
			buildSettings = {
				ASSETCATALOG_COMPILER_APPICON_NAME = AppIcon;
				ASSETCATALOG_COMPILER_GLOBAL_ACCENT_COLOR_NAME = AccentColor;
				CODE_SIGN_STYLE = Automatic;
				CURRENT_PROJECT_VERSION = 1;
				GENERATE_INFOPLIST_FILE = YES;
				INFOPLIST_FILE = WaterFlowLayout_OC/Info.plist;
				INFOPLIST_KEY_UIApplicationSupportsIndirectInputEvents = YES;
				INFOPLIST_KEY_UILaunchStoryboardName = LaunchScreen;
				INFOPLIST_KEY_UIMainStoryboardFile = Main;
				INFOPLIST_KEY_UISupportedInterfaceOrientations_iPad = "UIInterfaceOrientationPortrait UIInterfaceOrientationPortraitUpsideDown UIInterfaceOrientationLandscapeLeft UIInterfaceOrientationLandscapeRight";
				INFOPLIST_KEY_UISupportedInterfaceOrientations_iPhone = "UIInterfaceOrientationPortrait UIInterfaceOrientationLandscapeLeft UIInterfaceOrientationLandscapeRight";
				LD_RUNPATH_SEARCH_PATHS = (
					"$(inherited)",
					"@executable_path/Frameworks",
				);
				MARKETING_VERSION = 1.0;
				PRODUCT_BUNDLE_IDENTIFIER = "jx.kang.WaterFlowLayout-OC";
				PRODUCT_NAME = "$(TARGET_NAME)";
				SWIFT_EMIT_LOC_STRINGS = YES;
				TARGETED_DEVICE_FAMILY = "1,2";
			};
			name = Release;
		};
		48DD8DD628CACEA90007A892 /* Debug */ = {
			isa = XCBuildConfiguration;
			buildSettings = {
				BUNDLE_LOADER = "$(TEST_HOST)";
				CODE_SIGN_STYLE = Automatic;
				CURRENT_PROJECT_VERSION = 1;
				GENERATE_INFOPLIST_FILE = YES;
				IPHONEOS_DEPLOYMENT_TARGET = 15.5;
				MARKETING_VERSION = 1.0;
				PRODUCT_BUNDLE_IDENTIFIER = "jx.kang.WaterFlowLayout-OCTests";
				PRODUCT_NAME = "$(TARGET_NAME)";
				SWIFT_EMIT_LOC_STRINGS = NO;
				TARGETED_DEVICE_FAMILY = "1,2";
				TEST_HOST = "$(BUILT_PRODUCTS_DIR)/WaterFlowLayout_OC.app/WaterFlowLayout_OC";
			};
			name = Debug;
		};
		48DD8DD728CACEA90007A892 /* Release */ = {
			isa = XCBuildConfiguration;
			buildSettings = {
				BUNDLE_LOADER = "$(TEST_HOST)";
				CODE_SIGN_STYLE = Automatic;
				CURRENT_PROJECT_VERSION = 1;
				GENERATE_INFOPLIST_FILE = YES;
				IPHONEOS_DEPLOYMENT_TARGET = 15.5;
				MARKETING_VERSION = 1.0;
				PRODUCT_BUNDLE_IDENTIFIER = "jx.kang.WaterFlowLayout-OCTests";
				PRODUCT_NAME = "$(TARGET_NAME)";
				SWIFT_EMIT_LOC_STRINGS = NO;
				TARGETED_DEVICE_FAMILY = "1,2";
				TEST_HOST = "$(BUILT_PRODUCTS_DIR)/WaterFlowLayout_OC.app/WaterFlowLayout_OC";
			};
			name = Release;
		};
		48DD8DD928CACEA90007A892 /* Debug */ = {
			isa = XCBuildConfiguration;
			buildSettings = {
				CODE_SIGN_STYLE = Automatic;
				CURRENT_PROJECT_VERSION = 1;
				GENERATE_INFOPLIST_FILE = YES;
				MARKETING_VERSION = 1.0;
				PRODUCT_BUNDLE_IDENTIFIER = "jx.kang.WaterFlowLayout-OCUITests";
				PRODUCT_NAME = "$(TARGET_NAME)";
				SWIFT_EMIT_LOC_STRINGS = NO;
				TARGETED_DEVICE_FAMILY = "1,2";
				TEST_TARGET_NAME = WaterFlowLayout_OC;
			};
			name = Debug;
		};
		48DD8DDA28CACEA90007A892 /* Release */ = {
			isa = XCBuildConfiguration;
			buildSettings = {
				CODE_SIGN_STYLE = Automatic;
				CURRENT_PROJECT_VERSION = 1;
				GENERATE_INFOPLIST_FILE = YES;
				MARKETING_VERSION = 1.0;
				PRODUCT_BUNDLE_IDENTIFIER = "jx.kang.WaterFlowLayout-OCUITests";
				PRODUCT_NAME = "$(TARGET_NAME)";
				SWIFT_EMIT_LOC_STRINGS = NO;
				TARGETED_DEVICE_FAMILY = "1,2";
				TEST_TARGET_NAME = WaterFlowLayout_OC;
			};
			name = Release;
		};
/* End XCBuildConfiguration section */

/* Begin XCConfigurationList section */
		48DD8D9E28CACEA80007A892 /* Build configuration list for PBXProject "WaterFlowLayout_OC" */ = {
			isa = XCConfigurationList;
			buildConfigurations = (
				48DD8DD028CACEA90007A892 /* Debug */,
				48DD8DD128CACEA90007A892 /* Release */,
			);
			defaultConfigurationIsVisible = 0;
			defaultConfigurationName = Release;
		};
		48DD8DD228CACEA90007A892 /* Build configuration list for PBXNativeTarget "WaterFlowLayout_OC" */ = {
			isa = XCConfigurationList;
			buildConfigurations = (
				48DD8DD328CACEA90007A892 /* Debug */,
				48DD8DD428CACEA90007A892 /* Release */,
			);
			defaultConfigurationIsVisible = 0;
			defaultConfigurationName = Release;
		};
		48DD8DD528CACEA90007A892 /* Build configuration list for PBXNativeTarget "WaterFlowLayout_OCTests" */ = {
			isa = XCConfigurationList;
			buildConfigurations = (
				48DD8DD628CACEA90007A892 /* Debug */,
				48DD8DD728CACEA90007A892 /* Release */,
			);
			defaultConfigurationIsVisible = 0;
			defaultConfigurationName = Release;
		};
		48DD8DD828CACEA90007A892 /* Build configuration list for PBXNativeTarget "WaterFlowLayout_OCUITests" */ = {
			isa = XCConfigurationList;
			buildConfigurations = (
				48DD8DD928CACEA90007A892 /* Debug */,
				48DD8DDA28CACEA90007A892 /* Release */,
			);
			defaultConfigurationIsVisible = 0;
			defaultConfigurationName = Release;
		};
/* End XCConfigurationList section */
	};
	rootObject = 48DD8D9B28CACEA80007A892 /* Project object */;
}
