// !$*UTF8*$!
{
	archiveVersion = 1;
	classes = {
	};
	objectVersion = 55;
	objects = {

/* Begin PBXBuildFile section */
		48DD8D6728C9C2860007A892 /* AppDelegate.swift in Sources */ = {isa = PBXBuildFile; fileRef = 48DD8D6628C9C2860007A892 /* AppDelegate.swift */; };
		48DD8D6928C9C2860007A892 /* SceneDelegate.swift in Sources */ = {isa = PBXBuildFile; fileRef = 48DD8D6828C9C2860007A892 /* SceneDelegate.swift */; };
		48DD8D6B28C9C2860007A892 /* ViewController.swift in Sources */ = {isa = PBXBuildFile; fileRef = 48DD8D6A28C9C2860007A892 /* ViewController.swift */; };
		48DD8D6E28C9C2860007A892 /* Main.storyboard in Resources */ = {isa = PBXBuildFile; fileRef = 48DD8D6C28C9C2860007A892 /* Main.storyboard */; };
		48DD8D7028C9C2870007A892 /* Assets.xcassets in Resources */ = {isa = PBXBuildFile; fileRef = 48DD8D6F28C9C2870007A892 /* Assets.xcassets */; };
		48DD8D7328C9C2870007A892 /* LaunchScreen.storyboard in Resources */ = {isa = PBXBuildFile; fileRef = 48DD8D7128C9C2870007A892 /* LaunchScreen.storyboard */; };
		48DD8D7E28C9C2870007A892 /* swift_waterFullTests.swift in Sources */ = {isa = PBXBuildFile; fileRef = 48DD8D7D28C9C2870007A892 /* swift_waterFullTests.swift */; };
		48DD8D8828C9C2870007A892 /* swift_waterFullUITests.swift in Sources */ = {isa = PBXBuildFile; fileRef = 48DD8D8728C9C2870007A892 /* swift_waterFullUITests.swift */; };
		48DD8D8A28C9C2870007A892 /* swift_waterFullUITestsLaunchTests.swift in Sources */ = {isa = PBXBuildFile; fileRef = 48DD8D8928C9C2870007A892 /* swift_waterFullUITestsLaunchTests.swift */; };
		48DD8D9728C9C2B90007A892 /* UIColor-Extension.swift in Sources */ = {isa = PBXBuildFile; fileRef = 48DD8D9628C9C2B90007A892 /* UIColor-Extension.swift */; };
		48DD8D9928C9C2BD0007A892 /* WaterFullFlowLayout.swift in Sources */ = {isa = PBXBuildFile; fileRef = 48DD8D9828C9C2BD0007A892 /* WaterFullFlowLayout.swift */; };
/* End PBXBuildFile section */

/* Begin PBXContainerItemProxy section */
		48DD8D7A28C9C2870007A892 /* PBXContainerItemProxy */ = {
			isa = PBXContainerItemProxy;
			containerPortal = 48DD8D5B28C9C2860007A892 /* Project object */;
			proxyType = 1;
			remoteGlobalIDString = 48DD8D6228C9C2860007A892;
			remoteInfo = swift_waterFull;
		};
		48DD8D8428C9C2870007A892 /* PBXContainerItemProxy */ = {
			isa = PBXContainerItemProxy;
			containerPortal = 48DD8D5B28C9C2860007A892 /* Project object */;
			proxyType = 1;
			remoteGlobalIDString = 48DD8D6228C9C2860007A892;
			remoteInfo = swift_waterFull;
		};
/* End PBXContainerItemProxy section */

/* Begin PBXFileReference section */
		48DD8D6328C9C2860007A892 /* swift_waterFull.app */ = {isa = PBXFileReference; explicitFileType = wrapper.application; includeInIndex = 0; path = swift_waterFull.app; sourceTree = BUILT_PRODUCTS_DIR; };
		48DD8D6628C9C2860007A892 /* AppDelegate.swift */ = {isa = PBXFileReference; lastKnownFileType = sourcecode.swift; path = AppDelegate.swift; sourceTree = "<group>"; };
		48DD8D6828C9C2860007A892 /* SceneDelegate.swift */ = {isa = PBXFileReference; lastKnownFileType = sourcecode.swift; path = SceneDelegate.swift; sourceTree = "<group>"; };
		48DD8D6A28C9C2860007A892 /* ViewController.swift */ = {isa = PBXFileReference; lastKnownFileType = sourcecode.swift; path = ViewController.swift; sourceTree = "<group>"; };
		48DD8D6D28C9C2860007A892 /* Base */ = {isa = PBXFileReference; lastKnownFileType = file.storyboard; name = Base; path = Base.lproj/Main.storyboard; sourceTree = "<group>"; };
		48DD8D6F28C9C2870007A892 /* Assets.xcassets */ = {isa = PBXFileReference; lastKnownFileType = folder.assetcatalog; path = Assets.xcassets; sourceTree = "<group>"; };
		48DD8D7228C9C2870007A892 /* Base */ = {isa = PBXFileReference; lastKnownFileType = file.storyboard; name = Base; path = Base.lproj/LaunchScreen.storyboard; sourceTree = "<group>"; };
		48DD8D7428C9C2870007A892 /* Info.plist */ = {isa = PBXFileReference; lastKnownFileType = text.plist.xml; path = Info.plist; sourceTree = "<group>"; };
		48DD8D7928C9C2870007A892 /* swift_waterFullTests.xctest */ = {isa = PBXFileReference; explicitFileType = wrapper.cfbundle; includeInIndex = 0; path = swift_waterFullTests.xctest; sourceTree = BUILT_PRODUCTS_DIR; };
		48DD8D7D28C9C2870007A892 /* swift_waterFullTests.swift */ = {isa = PBXFileReference; lastKnownFileType = sourcecode.swift; path = swift_waterFullTests.swift; sourceTree = "<group>"; };
		48DD8D8328C9C2870007A892 /* swift_waterFullUITests.xctest */ = {isa = PBXFileReference; explicitFileType = wrapper.cfbundle; includeInIndex = 0; path = swift_waterFullUITests.xctest; sourceTree = BUILT_PRODUCTS_DIR; };
		48DD8D8728C9C2870007A892 /* swift_waterFullUITests.swift */ = {isa = PBXFileReference; lastKnownFileType = sourcecode.swift; path = swift_waterFullUITests.swift; sourceTree = "<group>"; };
		48DD8D8928C9C2870007A892 /* swift_waterFullUITestsLaunchTests.swift */ = {isa = PBXFileReference; lastKnownFileType = sourcecode.swift; path = swift_waterFullUITestsLaunchTests.swift; sourceTree = "<group>"; };
		48DD8D9628C9C2B90007A892 /* UIColor-Extension.swift */ = {isa = PBXFileReference; fileEncoding = 4; lastKnownFileType = sourcecode.swift; path = "UIColor-Extension.swift"; sourceTree = "<group>"; };
		48DD8D9828C9C2BD0007A892 /* WaterFullFlowLayout.swift */ = {isa = PBXFileReference; fileEncoding = 4; lastKnownFileType = sourcecode.swift; path = WaterFullFlowLayout.swift; sourceTree = "<group>"; };
/* End PBXFileReference section */

/* Begin PBXFrameworksBuildPhase section */
		48DD8D6028C9C2860007A892 /* Frameworks */ = {
			isa = PBXFrameworksBuildPhase;
			buildActionMask = 2147483647;
			files = (
			);
			runOnlyForDeploymentPostprocessing = 0;
		};
		48DD8D7628C9C2870007A892 /* Frameworks */ = {
			isa = PBXFrameworksBuildPhase;
			buildActionMask = 2147483647;
			files = (
			);
			runOnlyForDeploymentPostprocessing = 0;
		};
		48DD8D8028C9C2870007A892 /* Frameworks */ = {
			isa = PBXFrameworksBuildPhase;
			buildActionMask = 2147483647;
			files = (
			);
			runOnlyForDeploymentPostprocessing = 0;
		};
/* End PBXFrameworksBuildPhase section */

/* Begin PBXGroup section */
		48DD8D5A28C9C2860007A892 = {
			isa = PBXGroup;
			children = (
				48DD8D6528C9C2860007A892 /* swift_waterFull */,
				48DD8D7C28C9C2870007A892 /* swift_waterFullTests */,
				48DD8D8628C9C2870007A892 /* swift_waterFullUITests */,
				48DD8D6428C9C2860007A892 /* Products */,
			);
			sourceTree = "<group>";
		};
		48DD8D6428C9C2860007A892 /* Products */ = {
			isa = PBXGroup;
			children = (
				48DD8D6328C9C2860007A892 /* swift_waterFull.app */,
				48DD8D7928C9C2870007A892 /* swift_waterFullTests.xctest */,
				48DD8D8328C9C2870007A892 /* swift_waterFullUITests.xctest */,
			);
			name = Products;
			sourceTree = "<group>";
		};
		48DD8D6528C9C2860007A892 /* swift_waterFull */ = {
			isa = PBXGroup;
			children = (
				48DD8D6628C9C2860007A892 /* AppDelegate.swift */,
				48DD8D6828C9C2860007A892 /* SceneDelegate.swift */,
				48DD8D6A28C9C2860007A892 /* ViewController.swift */,
				48DD8D9628C9C2B90007A892 /* UIColor-Extension.swift */,
				48DD8D9828C9C2BD0007A892 /* WaterFullFlowLayout.swift */,
				48DD8D6C28C9C2860007A892 /* Main.storyboard */,
				48DD8D6F28C9C2870007A892 /* Assets.xcassets */,
				48DD8D7128C9C2870007A892 /* LaunchScreen.storyboard */,
				48DD8D7428C9C2870007A892 /* Info.plist */,
			);
			path = swift_waterFull;
			sourceTree = "<group>";
		};
		48DD8D7C28C9C2870007A892 /* swift_waterFullTests */ = {
			isa = PBXGroup;
			children = (
				48DD8D7D28C9C2870007A892 /* swift_waterFullTests.swift */,
			);
			path = swift_waterFullTests;
			sourceTree = "<group>";
		};
		48DD8D8628C9C2870007A892 /* swift_waterFullUITests */ = {
			isa = PBXGroup;
			children = (
				48DD8D8728C9C2870007A892 /* swift_waterFullUITests.swift */,
				48DD8D8928C9C2870007A892 /* swift_waterFullUITestsLaunchTests.swift */,
			);
			path = swift_waterFullUITests;
			sourceTree = "<group>";
		};
/* End PBXGroup section */

/* Begin PBXNativeTarget section */
		48DD8D6228C9C2860007A892 /* swift_waterFull */ = {
			isa = PBXNativeTarget;
			buildConfigurationList = 48DD8D8D28C9C2870007A892 /* Build configuration list for PBXNativeTarget "swift_waterFull" */;
			buildPhases = (
				48DD8D5F28C9C2860007A892 /* Sources */,
				48DD8D6028C9C2860007A892 /* Frameworks */,
				48DD8D6128C9C2860007A892 /* Resources */,
			);
			buildRules = (
			);
			dependencies = (
			);
			name = swift_waterFull;
			productName = swift_waterFull;
			productReference = 48DD8D6328C9C2860007A892 /* swift_waterFull.app */;
			productType = "com.apple.product-type.application";
		};
		48DD8D7828C9C2870007A892 /* swift_waterFullTests */ = {
			isa = PBXNativeTarget;
			buildConfigurationList = 48DD8D9028C9C2870007A892 /* Build configuration list for PBXNativeTarget "swift_waterFullTests" */;
			buildPhases = (
				48DD8D7528C9C2870007A892 /* Sources */,
				48DD8D7628C9C2870007A892 /* Frameworks */,
				48DD8D7728C9C2870007A892 /* Resources */,
			);
			buildRules = (
			);
			dependencies = (
				48DD8D7B28C9C2870007A892 /* PBXTargetDependency */,
			);
			name = swift_waterFullTests;
			productName = swift_waterFullTests;
			productReference = 48DD8D7928C9C2870007A892 /* swift_waterFullTests.xctest */;
			productType = "com.apple.product-type.bundle.unit-test";
		};
		48DD8D8228C9C2870007A892 /* swift_waterFullUITests */ = {
			isa = PBXNativeTarget;
			buildConfigurationList = 48DD8D9328C9C2870007A892 /* Build configuration list for PBXNativeTarget "swift_waterFullUITests" */;
			buildPhases = (
				48DD8D7F28C9C2870007A892 /* Sources */,
				48DD8D8028C9C2870007A892 /* Frameworks */,
				48DD8D8128C9C2870007A892 /* Resources */,
			);
			buildRules = (
			);
			dependencies = (
				48DD8D8528C9C2870007A892 /* PBXTargetDependency */,
			);
			name = swift_waterFullUITests;
			productName = swift_waterFullUITests;
			productReference = 48DD8D8328C9C2870007A892 /* swift_waterFullUITests.xctest */;
			productType = "com.apple.product-type.bundle.ui-testing";
		};
/* End PBXNativeTarget section */

/* Begin PBXProject section */
		48DD8D5B28C9C2860007A892 /* Project object */ = {
			isa = PBXProject;
			attributes = {
				BuildIndependentTargetsInParallel = 1;
				LastSwiftUpdateCheck = 1340;
				LastUpgradeCheck = 1340;
				TargetAttributes = {
					48DD8D6228C9C2860007A892 = {
						CreatedOnToolsVersion = 13.4.1;
					};
					48DD8D7828C9C2870007A892 = {
						CreatedOnToolsVersion = 13.4.1;
						TestTargetID = 48DD8D6228C9C2860007A892;
					};
					48DD8D8228C9C2870007A892 = {
						CreatedOnToolsVersion = 13.4.1;
						TestTargetID = 48DD8D6228C9C2860007A892;
					};
				};
			};
			buildConfigurationList = 48DD8D5E28C9C2860007A892 /* Build configuration list for PBXProject "swift_waterFull" */;
			compatibilityVersion = "Xcode 13.0";
			developmentRegion = en;
			hasScannedForEncodings = 0;
			knownRegions = (
				en,
				Base,
			);
			mainGroup = 48DD8D5A28C9C2860007A892;
			productRefGroup = 48DD8D6428C9C2860007A892 /* Products */;
			projectDirPath = "";
			projectRoot = "";
			targets = (
				48DD8D6228C9C2860007A892 /* swift_waterFull */,
				48DD8D7828C9C2870007A892 /* swift_waterFullTests */,
				48DD8D8228C9C2870007A892 /* swift_waterFullUITests */,
			);
		};
/* End PBXProject section */

/* Begin PBXResourcesBuildPhase section */
		48DD8D6128C9C2860007A892 /* Resources */ = {
			isa = PBXResourcesBuildPhase;
			buildActionMask = 2147483647;
			files = (
				48DD8D7328C9C2870007A892 /* LaunchScreen.storyboard in Resources */,
				48DD8D7028C9C2870007A892 /* Assets.xcassets in Resources */,
				48DD8D6E28C9C2860007A892 /* Main.storyboard in Resources */,
			);
			runOnlyForDeploymentPostprocessing = 0;
		};
		48DD8D7728C9C2870007A892 /* Resources */ = {
			isa = PBXResourcesBuildPhase;
			buildActionMask = 2147483647;
			files = (
			);
			runOnlyForDeploymentPostprocessing = 0;
		};
		48DD8D8128C9C2870007A892 /* Resources */ = {
			isa = PBXResourcesBuildPhase;
			buildActionMask = 2147483647;
			files = (
			);
			runOnlyForDeploymentPostprocessing = 0;
		};
/* End PBXResourcesBuildPhase section */

/* Begin PBXSourcesBuildPhase section */
		48DD8D5F28C9C2860007A892 /* Sources */ = {
			isa = PBXSourcesBuildPhase;
			buildActionMask = 2147483647;
			files = (
				48DD8D6B28C9C2860007A892 /* ViewController.swift in Sources */,
				48DD8D9728C9C2B90007A892 /* UIColor-Extension.swift in Sources */,
				48DD8D6728C9C2860007A892 /* AppDelegate.swift in Sources */,
				48DD8D6928C9C2860007A892 /* SceneDelegate.swift in Sources */,
				48DD8D9928C9C2BD0007A892 /* WaterFullFlowLayout.swift in Sources */,
			);
			runOnlyForDeploymentPostprocessing = 0;
		};
		48DD8D7528C9C2870007A892 /* Sources */ = {
			isa = PBXSourcesBuildPhase;
			buildActionMask = 2147483647;
			files = (
				48DD8D7E28C9C2870007A892 /* swift_waterFullTests.swift in Sources */,
			);
			runOnlyForDeploymentPostprocessing = 0;
		};
		48DD8D7F28C9C2870007A892 /* Sources */ = {
			isa = PBXSourcesBuildPhase;
			buildActionMask = 2147483647;
			files = (
				48DD8D8828C9C2870007A892 /* swift_waterFullUITests.swift in Sources */,
				48DD8D8A28C9C2870007A892 /* swift_waterFullUITestsLaunchTests.swift in Sources */,
			);
			runOnlyForDeploymentPostprocessing = 0;
		};
/* End PBXSourcesBuildPhase section */

/* Begin PBXTargetDependency section */
		48DD8D7B28C9C2870007A892 /* PBXTargetDependency */ = {
			isa = PBXTargetDependency;
			target = 48DD8D6228C9C2860007A892 /* swift_waterFull */;
			targetProxy = 48DD8D7A28C9C2870007A892 /* PBXContainerItemProxy */;
		};
		48DD8D8528C9C2870007A892 /* PBXTargetDependency */ = {
			isa = PBXTargetDependency;
			target = 48DD8D6228C9C2860007A892 /* swift_waterFull */;
			targetProxy = 48DD8D8428C9C2870007A892 /* PBXContainerItemProxy */;
		};
/* End PBXTargetDependency section */

/* Begin PBXVariantGroup section */
		48DD8D6C28C9C2860007A892 /* Main.storyboard */ = {
			isa = PBXVariantGroup;
			children = (
				48DD8D6D28C9C2860007A892 /* Base */,
			);
			name = Main.storyboard;
			sourceTree = "<group>";
		};
		48DD8D7128C9C2870007A892 /* LaunchScreen.storyboard */ = {
			isa = PBXVariantGroup;
			children = (
				48DD8D7228C9C2870007A892 /* Base */,
			);
			name = LaunchScreen.storyboard;
			sourceTree = "<group>";
		};
/* End PBXVariantGroup section */

/* Begin XCBuildConfiguration section */
		48DD8D8B28C9C2870007A892 /* Debug */ = {
			isa = XCBuildConfiguration;
			buildSettings = {
				ALWAYS_SEARCH_USER_PATHS = NO;
				CLANG_ANALYZER_NONNULL = YES;
				CLANG_ANALYZER_NUMBER_OBJECT_CONVERSION = YES_AGGRESSIVE;
				CLANG_CXX_LANGUAGE_STANDARD = "gnu++17";
				CLANG_ENABLE_MODULES = YES;
				CLANG_ENABLE_OBJC_ARC = YES;
				CLANG_ENABLE_OBJC_WEAK = YES;
				CLANG_WARN_BLOCK_CAPTURE_AUTORELEASING = YES;
				CLANG_WARN_BOOL_CONVERSION = YES;
				CLANG_WARN_COMMA = YES;
				CLANG_WARN_CONSTANT_CONVERSION = YES;
				CLANG_WARN_DEPRECATED_OBJC_IMPLEMENTATIONS = YES;
				CLANG_WARN_DIRECT_OBJC_ISA_USAGE = YES_ERROR;
				CLANG_WARN_DOCUMENTATION_COMMENTS = YES;
				CLANG_WARN_EMPTY_BODY = YES;
				CLANG_WARN_ENUM_CONVERSION = YES;
				CLANG_WARN_INFINITE_RECURSION = YES;
				CLANG_WARN_INT_CONVERSION = YES;
				CLANG_WARN_NON_LITERAL_NULL_CONVERSION = YES;
				CLANG_WARN_OBJC_IMPLICIT_RETAIN_SELF = YES;
				CLANG_WARN_OBJC_LITERAL_CONVERSION = YES;
				CLANG_WARN_OBJC_ROOT_CLASS = YES_ERROR;
				CLANG_WARN_QUOTED_INCLUDE_IN_FRAMEWORK_HEADER = YES;
				CLANG_WARN_RANGE_LOOP_ANALYSIS = YES;
				CLANG_WARN_STRICT_PROTOTYPES = YES;
				CLANG_WARN_SUSPICIOUS_MOVE = YES;
				CLANG_WARN_UNGUARDED_AVAILABILITY = YES_AGGRESSIVE;
				CLANG_WARN_UNREACHABLE_CODE = YES;
				CLANG_WARN__DUPLICATE_METHOD_MATCH = YES;
				COPY_PHASE_STRIP = NO;
				DEBUG_INFORMATION_FORMAT = dwarf;
				ENABLE_STRICT_OBJC_MSGSEND = YES;
				ENABLE_TESTABILITY = YES;
				GCC_C_LANGUAGE_STANDARD = gnu11;
				GCC_DYNAMIC_NO_PIC = NO;
				GCC_NO_COMMON_BLOCKS = YES;
				GCC_OPTIMIZATION_LEVEL = 0;
				GCC_PREPROCESSOR_DEFINITIONS = (
					"DEBUG=1",
					"$(inherited)",
				);
				GCC_WARN_64_TO_32_BIT_CONVERSION = YES;
				GCC_WARN_ABOUT_RETURN_TYPE = YES_ERROR;
				GCC_WARN_UNDECLARED_SELECTOR = YES;
				GCC_WARN_UNINITIALIZED_AUTOS = YES_AGGRESSIVE;
				GCC_WARN_UNUSED_FUNCTION = YES;
				GCC_WARN_UNUSED_VARIABLE = YES;
				IPHONEOS_DEPLOYMENT_TARGET = 15.5;
				MTL_ENABLE_DEBUG_INFO = INCLUDE_SOURCE;
				MTL_FAST_MATH = YES;
				ONLY_ACTIVE_ARCH = YES;
				SDKROOT = iphoneos;
				SWIFT_ACTIVE_COMPILATION_CONDITIONS = DEBUG;
				SWIFT_OPTIMIZATION_LEVEL = "-Onone";
			};
			name = Debug;
		};
		48DD8D8C28C9C2870007A892 /* Release */ = {
			isa = XCBuildConfiguration;
			buildSettings = {
				ALWAYS_SEARCH_USER_PATHS = NO;
				CLANG_ANALYZER_NONNULL = YES;
				CLANG_ANALYZER_NUMBER_OBJECT_CONVERSION = YES_AGGRESSIVE;
				CLANG_CXX_LANGUAGE_STANDARD = "gnu++17";
				CLANG_ENABLE_MODULES = YES;
				CLANG_ENABLE_OBJC_ARC = YES;
				CLANG_ENABLE_OBJC_WEAK = YES;
				CLANG_WARN_BLOCK_CAPTURE_AUTORELEASING = YES;
				CLANG_WARN_BOOL_CONVERSION = YES;
				CLANG_WARN_COMMA = YES;
				CLANG_WARN_CONSTANT_CONVERSION = YES;
				CLANG_WARN_DEPRECATED_OBJC_IMPLEMENTATIONS = YES;
				CLANG_WARN_DIRECT_OBJC_ISA_USAGE = YES_ERROR;
				CLANG_WARN_DOCUMENTATION_COMMENTS = YES;
				CLANG_WARN_EMPTY_BODY = YES;
				CLANG_WARN_ENUM_CONVERSION = YES;
				CLANG_WARN_INFINITE_RECURSION = YES;
				CLANG_WARN_INT_CONVERSION = YES;
				CLANG_WARN_NON_LITERAL_NULL_CONVERSION = YES;
				CLANG_WARN_OBJC_IMPLICIT_RETAIN_SELF = YES;
				CLANG_WARN_OBJC_LITERAL_CONVERSION = YES;
				CLANG_WARN_OBJC_ROOT_CLASS = YES_ERROR;
				CLANG_WARN_QUOTED_INCLUDE_IN_FRAMEWORK_HEADER = YES;
				CLANG_WARN_RANGE_LOOP_ANALYSIS = YES;
				CLANG_WARN_STRICT_PROTOTYPES = YES;
				CLANG_WARN_SUSPICIOUS_MOVE = YES;
				CLANG_WARN_UNGUARDED_AVAILABILITY = YES_AGGRESSIVE;
				CLANG_WARN_UNREACHABLE_CODE = YES;
				CLANG_WARN__DUPLICATE_METHOD_MATCH = YES;
				COPY_PHASE_STRIP = NO;
				DEBUG_INFORMATION_FORMAT = "dwarf-with-dsym";
				ENABLE_NS_ASSERTIONS = NO;
				ENABLE_STRICT_OBJC_MSGSEND = YES;
				GCC_C_LANGUAGE_STANDARD = gnu11;
				GCC_NO_COMMON_BLOCKS = YES;
				GCC_WARN_64_TO_32_BIT_CONVERSION = YES;
				GCC_WARN_ABOUT_RETURN_TYPE = YES_ERROR;
				GCC_WARN_UNDECLARED_SELECTOR = YES;
				GCC_WARN_UNINITIALIZED_AUTOS = YES_AGGRESSIVE;
				GCC_WARN_UNUSED_FUNCTION = YES;
				GCC_WARN_UNUSED_VARIABLE = YES;
				IPHONEOS_DEPLOYMENT_TARGET = 15.5;
				MTL_ENABLE_DEBUG_INFO = NO;
				MTL_FAST_MATH = YES;
				SDKROOT = iphoneos;
				SWIFT_COMPILATION_MODE = wholemodule;
				SWIFT_OPTIMIZATION_LEVEL = "-O";
				VALIDATE_PRODUCT = YES;
			};
			name = Release;
		};
		48DD8D8E28C9C2870007A892 /* Debug */ = {
			isa = XCBuildConfiguration;
			buildSettings = {
				ASSETCATALOG_COMPILER_APPICON_NAME = AppIcon;
				ASSETCATALOG_COMPILER_GLOBAL_ACCENT_COLOR_NAME = AccentColor;
				CODE_SIGN_STYLE = Automatic;
				CURRENT_PROJECT_VERSION = 1;
				GENERATE_INFOPLIST_FILE = YES;
				INFOPLIST_FILE = swift_waterFull/Info.plist;
				INFOPLIST_KEY_UIApplicationSupportsIndirectInputEvents = YES;
				INFOPLIST_KEY_UILaunchStoryboardName = LaunchScreen;
				INFOPLIST_KEY_UIMainStoryboardFile = Main;
				INFOPLIST_KEY_UISupportedInterfaceOrientations_iPad = "UIInterfaceOrientationPortrait UIInterfaceOrientationPortraitUpsideDown UIInterfaceOrientationLandscapeLeft UIInterfaceOrientationLandscapeRight";
				INFOPLIST_KEY_UISupportedInterfaceOrientations_iPhone = "UIInterfaceOrientationPortrait UIInterfaceOrientationLandscapeLeft UIInterfaceOrientationLandscapeRight";
				LD_RUNPATH_SEARCH_PATHS = (
					"$(inherited)",
					"@executable_path/Frameworks",
				);
				MARKETING_VERSION = 1.0;
				PRODUCT_BUNDLE_IDENTIFIER = "jx.kang.swift-waterFull";
				PRODUCT_NAME = "$(TARGET_NAME)";
				SWIFT_EMIT_LOC_STRINGS = YES;
				SWIFT_VERSION = 5.0;
				TARGETED_DEVICE_FAMILY = "1,2";
			};
			name = Debug;
		};
		48DD8D8F28C9C2870007A892 /* Release */ = {
			isa = XCBuildConfiguration;
			buildSettings = {
				ASSETCATALOG_COMPILER_APPICON_NAME = AppIcon;
				ASSETCATALOG_COMPILER_GLOBAL_ACCENT_COLOR_NAME = AccentColor;
				CODE_SIGN_STYLE = Automatic;
				CURRENT_PROJECT_VERSION = 1;
				GENERATE_INFOPLIST_FILE = YES;
				INFOPLIST_FILE = swift_waterFull/Info.plist;
				INFOPLIST_KEY_UIApplicationSupportsIndirectInputEvents = YES;
				INFOPLIST_KEY_UILaunchStoryboardName = LaunchScreen;
				INFOPLIST_KEY_UIMainStoryboardFile = Main;
				INFOPLIST_KEY_UISupportedInterfaceOrientations_iPad = "UIInterfaceOrientationPortrait UIInterfaceOrientationPortraitUpsideDown UIInterfaceOrientationLandscapeLeft UIInterfaceOrientationLandscapeRight";
				INFOPLIST_KEY_UISupportedInterfaceOrientations_iPhone = "UIInterfaceOrientationPortrait UIInterfaceOrientationLandscapeLeft UIInterfaceOrientationLandscapeRight";
				LD_RUNPATH_SEARCH_PATHS = (
					"$(inherited)",
					"@executable_path/Frameworks",
				);
				MARKETING_VERSION = 1.0;
				PRODUCT_BUNDLE_IDENTIFIER = "jx.kang.swift-waterFull";
				PRODUCT_NAME = "$(TARGET_NAME)";
				SWIFT_EMIT_LOC_STRINGS = YES;
				SWIFT_VERSION = 5.0;
				TARGETED_DEVICE_FAMILY = "1,2";
			};
			name = Release;
		};
		48DD8D9128C9C2870007A892 /* Debug */ = {
			isa = XCBuildConfiguration;
			buildSettings = {
				ALWAYS_EMBED_SWIFT_STANDARD_LIBRARIES = YES;
				BUNDLE_LOADER = "$(TEST_HOST)";
				CODE_SIGN_STYLE = Automatic;
				CURRENT_PROJECT_VERSION = 1;
				GENERATE_INFOPLIST_FILE = YES;
				IPHONEOS_DEPLOYMENT_TARGET = 15.5;
				MARKETING_VERSION = 1.0;
				PRODUCT_BUNDLE_IDENTIFIER = "jx.kang.swift-waterFullTests";
				PRODUCT_NAME = "$(TARGET_NAME)";
				SWIFT_EMIT_LOC_STRINGS = NO;
				SWIFT_VERSION = 5.0;
				TARGETED_DEVICE_FAMILY = "1,2";
				TEST_HOST = "$(BUILT_PRODUCTS_DIR)/swift_waterFull.app/swift_waterFull";
			};
			name = Debug;
		};
		48DD8D9228C9C2870007A892 /* Release */ = {
			isa = XCBuildConfiguration;
			buildSettings = {
				ALWAYS_EMBED_SWIFT_STANDARD_LIBRARIES = YES;
				BUNDLE_LOADER = "$(TEST_HOST)";
				CODE_SIGN_STYLE = Automatic;
				CURRENT_PROJECT_VERSION = 1;
				GENERATE_INFOPLIST_FILE = YES;
				IPHONEOS_DEPLOYMENT_TARGET = 15.5;
				MARKETING_VERSION = 1.0;
				PRODUCT_BUNDLE_IDENTIFIER = "jx.kang.swift-waterFullTests";
				PRODUCT_NAME = "$(TARGET_NAME)";
				SWIFT_EMIT_LOC_STRINGS = NO;
				SWIFT_VERSION = 5.0;
				TARGETED_DEVICE_FAMILY = "1,2";
				TEST_HOST = "$(BUILT_PRODUCTS_DIR)/swift_waterFull.app/swift_waterFull";
			};
			name = Release;
		};
		48DD8D9428C9C2870007A892 /* Debug */ = {
			isa = XCBuildConfiguration;
			buildSettings = {
				ALWAYS_EMBED_SWIFT_STANDARD_LIBRARIES = YES;
				CODE_SIGN_STYLE = Automatic;
				CURRENT_PROJECT_VERSION = 1;
				GENERATE_INFOPLIST_FILE = YES;
				MARKETING_VERSION = 1.0;
				PRODUCT_BUNDLE_IDENTIFIER = "jx.kang.swift-waterFullUITests";
				PRODUCT_NAME = "$(TARGET_NAME)";
				SWIFT_EMIT_LOC_STRINGS = NO;
				SWIFT_VERSION = 5.0;
				TARGETED_DEVICE_FAMILY = "1,2";
				TEST_TARGET_NAME = swift_waterFull;
			};
			name = Debug;
		};
		48DD8D9528C9C2870007A892 /* Release */ = {
			isa = XCBuildConfiguration;
			buildSettings = {
				ALWAYS_EMBED_SWIFT_STANDARD_LIBRARIES = YES;
				CODE_SIGN_STYLE = Automatic;
				CURRENT_PROJECT_VERSION = 1;
				GENERATE_INFOPLIST_FILE = YES;
				MARKETING_VERSION = 1.0;
				PRODUCT_BUNDLE_IDENTIFIER = "jx.kang.swift-waterFullUITests";
				PRODUCT_NAME = "$(TARGET_NAME)";
				SWIFT_EMIT_LOC_STRINGS = NO;
				SWIFT_VERSION = 5.0;
				TARGETED_DEVICE_FAMILY = "1,2";
				TEST_TARGET_NAME = swift_waterFull;
			};
			name = Release;
		};
/* End XCBuildConfiguration section */

/* Begin XCConfigurationList section */
		48DD8D5E28C9C2860007A892 /* Build configuration list for PBXProject "swift_waterFull" */ = {
			isa = XCConfigurationList;
			buildConfigurations = (
				48DD8D8B28C9C2870007A892 /* Debug */,
				48DD8D8C28C9C2870007A892 /* Release */,
			);
			defaultConfigurationIsVisible = 0;
			defaultConfigurationName = Release;
		};
		48DD8D8D28C9C2870007A892 /* Build configuration list for PBXNativeTarget "swift_waterFull" */ = {
			isa = XCConfigurationList;
			buildConfigurations = (
				48DD8D8E28C9C2870007A892 /* Debug */,
				48DD8D8F28C9C2870007A892 /* Release */,
			);
			defaultConfigurationIsVisible = 0;
			defaultConfigurationName = Release;
		};
		48DD8D9028C9C2870007A892 /* Build configuration list for PBXNativeTarget "swift_waterFullTests" */ = {
			isa = XCConfigurationList;
			buildConfigurations = (
				48DD8D9128C9C2870007A892 /* Debug */,
				48DD8D9228C9C2870007A892 /* Release */,
			);
			defaultConfigurationIsVisible = 0;
			defaultConfigurationName = Release;
		};
		48DD8D9328C9C2870007A892 /* Build configuration list for PBXNativeTarget "swift_waterFullUITests" */ = {
			isa = XCConfigurationList;
			buildConfigurations = (
				48DD8D9428C9C2870007A892 /* Debug */,
				48DD8D9528C9C2870007A892 /* Release */,
			);
			defaultConfigurationIsVisible = 0;
			defaultConfigurationName = Release;
		};
/* End XCConfigurationList section */
	};
	rootObject = 48DD8D5B28C9C2860007A892 /* Project object */;
}
